github.com/davecgh/go-spew v1.1.0/go.mod h1:J7Y8YcW2NihsgmVo/mv3lAwl/skON4iLHjSsI+c5H38=
github.com/davecgh/go-spew v1.1.1 h1:vj9j/u1bqnvCEfJOwUhtlOARqs3+rkHYY13jYWTU97c=
github.com/davecgh/go-spew v1.1.1/go.mod h1:J7Y8YcW2NihsgmVo/mv3lAwl/skON4iLHjSsI+c5H38=
github.com/kr/pretty v0.1.0 h1:L/CwN0zerZDmRFUapSPitk6f+Q3+0za1rQkzVuMiMFI=
github.com/kr/pretty v0.1.0/go.mod h1:dAy3ld7l9f0ibDNOQOHHMYYIIbhfbHSm3C4ZsoJORNo=
github.com/kr/pty v1.1.1/go.mod h1:pFQYn66WHrOpPYNljwOMqo10TkYh1fy3cYio2l3bCsQ=
github.com/kr/text v0.1.0 h1:45sCR5RtlFHMR4UwH9sdQ5TC8v0qDQCHnXt+kaKSTVE=
github.com/kr/text v0.1.0/go.mod h1:4Jbv+DJW3UT/LiOwJeYQe1efqtUx/iVham/4vfdArNI=
github.com/mudutv/datachannel v1.4.15-0.20191210055705-ca00d1bfc5eb h1:AUCBpfMRdTpp1/1Q3f3cIyPWEwiBgBQUJy+lxifRVRw=
github.com/mudutv/datachannel v1.4.15-0.20191210055705-ca00d1bfc5eb/go.mod h1:eumnIVQcLf/389Zt4Pd+4flCcqsF3DIqgRpOqamc13A=
github.com/mudutv/dtls v1.5.5-0.20191210054647-7fc746c3ba82 h1:g+Pcj0MP6slfWlGgqMNg5yDcbRvfcLFRwwDfnJqh/LQ=
github.com/mudutv/dtls v1.5.5-0.20191210054647-7fc746c3ba82/go.mod h1:tQn2ntv+BaOFtUjUSIT85Yckqh6P06R/OVW91oZgxSc=
github.com/mudutv/ice v0.7.3-0.20191210060041-94a29949e1f5 h1:Vp6LuO1jxHNUt2+vPYljmJaguROcF+F16Tirjjh2CNk=
github.com/mudutv/ice v0.7.3-0.20191210060041-94a29949e1f5/go.mod h1:KPQ5Cr1EEAKSoD5QbpHt7uJ/aiscb6ncOwT6ECqDlWk=
github.com/mudutv/logging v0.2.3-0.20191210040841-267e46158a81 h1:E/M4rVq+0RRuYFNgC85VTpsp/OKtshbpu7fc98imrEY=
github.com/mudutv/logging v0.2.3-0.20191210040841-267e46158a81/go.mod h1:2fTu5focjhpojBBMEmzl+5P2Wp3Y0h76OMArVm+o+8c=
github.com/mudutv/mdns v0.0.4-0.20191210054938-15fcd46ea375 h1:ULx8kZfgE9wTQ0TvKg7JTsWdg3HM5xIWGgMYIyyZmCI=
github.com/mudutv/mdns v0.0.4-0.20191210054938-15fcd46ea375/go.mod h1:zh+Ge34KRc+yrmrkrhsLUodmjWcszy3YxsDeB9uMgvc=
github.com/mudutv/rtcp v1.2.2-0.20191209095452-ffdd99d5c536/go.mod h1:nLXv+x/NFUTI+/GqG3Gjk+9JaJXGQXzgsIwuDhqj/Qk=
github.com/mudutv/rtcp v1.2.2-0.20191210041316-e294b367a87b h1:dx225N+PCgIBJIJH+6II9ry9KU6NWavPtCmCcpUXQ9s=
github.com/mudutv/rtcp v1.2.2-0.20191210041316-e294b367a87b/go.mod h1:eKGVJqr9tgZKingGdLVnDlqSoTOKE/nyxNr5ixNNoRY=
github.com/mudutv/rtp v1.1.5-0.20191209095452-d85402456b62/go.mod h1:c+4HddMs68u1Lbf+m62Ron+YNK1Tw0SSfJzkKWf48es=
github.com/mudutv/rtp v1.1.5-0.20191210040940-ac7c91562526 h1:IGjNYR4p55lFY80sQJGbsXiI1QYcK/ZSx5K5+9TJSGk=
github.com/mudutv/rtp v1.1.5-0.20191210040940-ac7c91562526/go.mod h1:TfVa6t8ILYabx3y8PgJh6dIZULLa1bvo3lf9T7DQiMM=
github.com/mudutv/sctp v1.7.4-0.20191210055525-b32197624b2b h1:OEBBU9LNqiVgKknBA62I7yD0fYKs45aBGJvVVgzob0Q=
github.com/mudutv/sctp v1.7.4-0.20191210055525-b32197624b2b/go.mod h1:FIx99Cm/ObAG1GD8dBqLj55JHt8fGtLTJw7ZICEHW/A=
github.com/mudutv/sdp/v2 v2.3.2-0.20191210041313-3e0251375d78 h1:Ctktck7gRdY7GzVNeQBkdMm8c0pQQvv3KaJLQcU/Hvo=
github.com/mudutv/sdp/v2 v2.3.2-0.20191210041313-3e0251375d78/go.mod h1:knKZRibpNKcymiL6Qo+JiseVSMXH1GumMJCT2csxhdQ=
github.com/mudutv/srtp v1.2.7-0.20191210060359-c99c023ccc5c h1:cGYF/ItSFLXPuKq0mIw8zmnqta01XVaDr6OQrt9aYMU=
github.com/mudutv/srtp v1.2.7-0.20191210060359-c99c023ccc5c/go.mod h1:IwcvTkKTTbWl8NgZWZTxXDuPmp0jkcIJqmXzMQODKV8=
github.com/mudutv/stun v0.3.4-0.20191210033333-f46ab1a1a399/go.mod h1:Wh3JdnyMxhe1FT0JPqR7UQlWqdG9p9q5paSim1pi3FE=
github.com/mudutv/stun v0.3.4-0.20191210040907-b8b8cc5795b4 h1:wXNt5yRUn+1HieJrGz44CWFHTdoAmMXulEUgA7J4gJ0=
github.com/mudutv/stun v0.3.4-0.20191210040907-b8b8cc5795b4/go.mod h1:43mclw7JWHb0VDQNE+RV1OON5k3YE6DPBDUEO425Qa0=
github.com/mudutv/transport v0.8.11-0.20191210054210-15ce38527120 h1:C47bOhOVmadD+prZYzEplg6T6aWaDRxcFRV9tTiZcwc=
github.com/mudutv/transport v0.8.11-0.20191210054210-15ce38527120/go.mod h1:jz/H49uYvakf2sV0jn8VqmpsxEBXTr6Hk0O9qOqFrxo=
github.com/mudutv/turn v1.4.1-0.20191210055151-05cb59ca6b45 h1:0aK8QXn8vZ57YbFWVsDNMt06dS9YEOvBChGBX0fEjLM=
github.com/mudutv/turn v1.4.1-0.20191210055151-05cb59ca6b45/go.mod h1:BAgzTqo9VGz+rt1ZxrlaPIVFWjocfrz1mvz9GcBuzBU=
github.com/pkg/errors v0.8.1 h1:iURUrRGxPUNPdy5/HRSm+Yj6okJ6UtLINN0Q9M4+h3I=
github.com/pkg/errors v0.8.1/go.mod h1:bwawxfHBFNV+L2hUp1rHADufV3IMtnDRdf1r5NINEl0=
github.com/pmezard/go-difflib v1.0.0 h1:4DBwDE0NGyQoBHbLQYPwSUPoCMWR5BEzIk/f1lZbAQM=
github.com/pmezard/go-difflib v1.0.0/go.mod h1:iKH77koFhYxTK1pcRnkKkqfTogsbg7gZNVY4sRDYZ/4=
github.com/stretchr/objx v0.1.0/go.mod h1:HFkY916IF+rwdDfMAkV7OtwuqBVzrE8GR6GFx+wExME=
github.com/stretchr/testify v1.4.0 h1:2E4SXV/wtOkTonXsotYi4li6zVWxYlZuYNCXe9XRJyk=
github.com/stretchr/testify v1.4.0/go.mod h1:j7eGeouHqKxXV5pUuKE4zz7dFj8WfuZ+81PSLYec5m4=
golang.org/x/crypto v0.0.0-20190308221718-c2843e01d9a2/go.mod h1:djNgcEr1/C05ACkg1iLfiJU5Ep61QUkGW8qpdssI0+w=
golang.org/x/crypto v0.0.0-20191029031824-8986dd9e96cf h1:fnPsqIDRbCSgumaMCRpoIoF2s4qxv0xSSS0BVZUE/ss=
golang.org/x/crypto v0.0.0-20191029031824-8986dd9e96cf/go.mod h1:LzIPMQfyMNhhGPhUkYOs5KpL4U8rLKemX1yGLhDgUto=
golang.org/x/net v0.0.0-20190404232315-eb5bcb51f2a3/go.mod h1:t9HGtf8HONx5eT2rtn7q6eTqICYqUVnKs3thJo3Qplg=
golang.org/x/net v0.0.0-20191101175033-0deb6923b6d9 h1:DPz9iiH3YoKiKhX/ijjoZvT0VFwK2c6CWYWQ7Zyr8TU=
golang.org/x/net v0.0.0-20191101175033-0deb6923b6d9/go.mod h1:z5CRVTTTmAJ677TzLLGU+0bjPO0LkuOLi4/5GtJWs/s=
golang.org/x/sys v0.0.0-20190215142949-d0b11bdaac8a/go.mod h1:STP8DvDyc/dI5b8T5hshtkjS+E42TnysNCUPdjciGhY=
golang.org/x/sys v0.0.0-20190412213103-97732733099d/go.mod h1:h1NjWce9XRLGQEsW7wpKNCjG9DtNlClVuFLEZdDNbEs=
golang.org/x/sys v0.0.0-20191029155521-f43be2a4598c h1:S/FtSvpNLtFBgjTqcKsRpsa6aVsI6iztaz1bQd9BJwE=
golang.org/x/sys v0.0.0-20191029155521-f43be2a4598c/go.mod h1:h1NjWce9XRLGQEsW7wpKNCjG9DtNlClVuFLEZdDNbEs=
golang.org/x/text v0.3.0/go.mod h1:NqM8EUOU14njkJ3fqMW+pc6Ldnwhi/IjpwHt7yyuwOQ=
gopkg.in/check.v1 v0.0.0-20161208181325-20d25e280405/go.mod h1:Co6ibVJAznAaIkqp8huTwlJQCZ016jof/cbN4VW5Yz0=
gopkg.in/check.v1 v1.0.0-20190902080502-41f04d3bba15 h1:YR8cESwS4TdDjEe65xsg0ogRM/Nc3DYOhEAlW+xobZo=
gopkg.in/check.v1 v1.0.0-20190902080502-41f04d3bba15/go.mod h1:Co6ibVJAznAaIkqp8huTwlJQCZ016jof/cbN4VW5Yz0=
gopkg.in/yaml.v2 v2.2.2/go.mod h1:hI93XBmqTisBFMUTm0b8Fm+jr3Dg1NNxqwp+5A1VGuI=
gopkg.in/yaml.v2 v2.2.4 h1:/eiJrUcujPVeJ3xlSWaiNi3uSVmDGBK1pDHUHAnao1I=
gopkg.in/yaml.v2 v2.2.4/go.mod h1:hI93XBmqTisBFMUTm0b8Fm+jr3Dg1NNxqwp+5A1VGuI=
